{
    "_meta": {
        "hash": {
            "sha256": "4cf3893c2abf4156ee42bdd4daf9cfa72519018c7b55c0eed6733c6b9362936f"
        },
        "pipfile-spec": 6,
        "requires": {
            "python_version": "3.9"
        },
        "sources": [
            {
                "name": "pypi",
                "url": "https://pypi.org/simple",
                "verify_ssl": true
            }
        ]
    },
    "default": {
        "obsws-python": {
            "hashes": [
                "sha256:33d7c1fe71b7b8971024e183bae26bb7fad3f6d2e950cc5dd2fff08769af6a8f",
                "sha256:85df39691f71d1cefbb42a38c97932b60f5637f74254da63f0ea47c74515fed4"
            ],
            "index": "pypi",
            "version": "==1.4.0"
        },
        "prometheus-client": {
            "hashes": [
                "sha256:be26aa452490cfcf6da953f9436e95a9f2b4d578ca80094b4458930e5f584ab1",
                "sha256:db7c05cbd13a0f79975592d112320f2605a325969b270a94b71dcabc47b931d2"
            ],
            "index": "pypi",
            "version": "==0.15.0"
        },
        "tomli": {
            "hashes": [
                "sha256:939de3e7a6161af0c887ef91b7d41a53e7c5a1ca976325f429cb46ea9bc30ecc",
                "sha256:de526c12914f0c550d15924c62d72abc48d6fe7364aa87328337a31007fe8a4f"
            ],
            "markers": "python_version < '3.11'",
            "version": "==2.0.1"
        },
        "websocket-client": {
            "hashes": [
                "sha256:d6b06432f184438d99ac1f456eaf22fe1ade524c3dd16e661142dc54e9cba574",
                "sha256:d6e8f90ca8e2dd4e8027c4561adeb9456b54044312dba655e7cae652ceb9ae59"
            ],
            "markers": "python_version >= '3.7'",
            "version": "==1.4.2"
        }
    },
    "develop": {}
}
