{
    "_meta": {
        "hash": {
            "sha256": "599f837faf0f7ed741c6b57baf7abf4099f508500c17197f27311c2b201746e4"
        },
        "pipfile-spec": 6,
        "requires": {
            "python_version": "3.9"
        },
        "sources": [
            {
                "name": "pypi",
                "url": "https://pypi.org/simple",
                "verify_ssl": true
            }
        ]
    },
    "default": {
        "obs-websocket-py": {
            "hashes": [
                "sha256:404008be3aef64765a06f1e052889e08429edb023f39262f239b6e30d592b397"
            ],
            "index": "pypi",
            "version": "==0.5.3"
        },
        "prometheus-client": {
            "hashes": [
                "sha256:3a8baade6cb80bcfe43297e33e7623f3118d660d41387593758e2fb1ea173a86",
                "sha256:b014bc76815eb1399da8ce5fc84b7717a3e63652b0c0f8804092c9363acab1b2"
            ],
            "index": "pypi",
            "version": "==0.11.0"
        },
        "six": {
            "hashes": [
                "sha256:1e61c37477a1626458e36f7b1d82aa5c9b094fa4802892072e49de9c60c4c926",
                "sha256:8abb2f1d86890a2dfb989f9a77cfcfd3e47c2a354b01111771326f8aa26e0254"
            ],
            "markers": "python_version >= '2.7' and python_version not in '3.0, 3.1, 3.2'",
            "version": "==1.16.0"
        },
        "websocket-client": {
            "hashes": [
                "sha256:b68e4959d704768fa20e35c9d508c8dc2bbc041fd8d267c0d7345cffe2824568",
                "sha256:e5c333bfa9fa739538b652b6f8c8fc2559f1d364243c8a689d7c0e1d41c2e611"
            ],
            "markers": "python_version >= '3.6'",
            "version": "==1.1.0"
        }
    },
    "develop": {}
}
